<Solution>
  <Project Path="10/10.csproj" Id="473494d0-cc13-49ec-bdc4-58e36dca950c" />
  <Project Path="7/7.csproj" Id="af6f3673-8fd1-4526-bec9-2e487a20c605" />
  <Project Path="8/8.csproj" Id="c95b15a2-83de-4cfc-98f8-3fc0a417d2a6" />
  <Project Path="dav.6/dav.6.csproj" Id="a8366084-4dd8-4de8-b0a3-6adbff23b8f6" />
  <Project Path="davaleba4/davaleba4.csproj" Id="6271f3b0-1a3b-4a09-a7e3-704016307c8d" />
  <Project Path="davaleba5/davaleba5.csproj" Id="37140316-0bce-456c-bce0-a07612f1cc41" />
  <Project Path="home.3/home.3.csproj" Id="b2365fbf-d195-41ef-822b-c8920167ba58" />
  <Project Path="homework2/homework2.csproj" />
  <Project Path="10.Tests/10.Tests.csproj" />
  <Project Path="8.Tests/8.Tests.csproj" />
</Solution>
